
Microsoft Visual Studio Solution File, Format Version 12.00
# Visual Studio Version 17
VisualStudioVersion = 17.2.32516.85
MinimumVisualStudioVersion = 10.0.40219.1
Project("{FAE04EC0-301F-11D3-BF4B-00C04F79EFBC}") = "BlazorAPI.Server", "BlazorAPI\Server\BlazorAPI.Server.csproj", "{C73D3FC4-6A95-40C1-9CAF-E028F9125FA0}"
EndProject
Project("{FAE04EC0-301F-11D3-BF4B-00C04F79EFBC}") = "BlazorAPI.Client", "BlazorAPI\Client\BlazorAPI.Client.csproj", "{932CE2EB-E89A-484C-B968-FBF8A06944FD}"
EndProject
Project("{FAE04EC0-301F-11D3-BF4B-00C04F79EFBC}") = "BlazorAPI.Shared", "BlazorAPI\Shared\BlazorAPI.Shared.csproj", "{0523E1DE-C126-4077-9992-0C1FDE0945FB}"
EndProject
Global
	GlobalSection(SolutionConfigurationPlatforms) = preSolution
		Debug|Any CPU = Debug|Any CPU
		Release|Any CPU = Release|Any CPU
	EndGlobalSection
	GlobalSection(ProjectConfigurationPlatforms) = postSolution
		{C73D3FC4-6A95-40C1-9CAF-E028F9125FA0}.Debug|Any CPU.ActiveCfg = Debug|Any CPU
		{C73D3FC4-6A95-40C1-9CAF-E028F9125FA0}.Debug|Any CPU.Build.0 = Debug|Any CPU
		{C73D3FC4-6A95-40C1-9CAF-E028F9125FA0}.Release|Any CPU.ActiveCfg = Release|Any CPU
		{C73D3FC4-6A95-40C1-9CAF-E028F9125FA0}.Release|Any CPU.Build.0 = Release|Any CPU
		{932CE2EB-E89A-484C-B968-FBF8A06944FD}.Debug|Any CPU.ActiveCfg = Debug|Any CPU
		{932CE2EB-E89A-484C-B968-FBF8A06944FD}.Debug|Any CPU.Build.0 = Debug|Any CPU
		{932CE2EB-E89A-484C-B968-FBF8A06944FD}.Release|Any CPU.ActiveCfg = Release|Any CPU
		{932CE2EB-E89A-484C-B968-FBF8A06944FD}.Release|Any CPU.Build.0 = Release|Any CPU
		{0523E1DE-C126-4077-9992-0C1FDE0945FB}.Debug|Any CPU.ActiveCfg = Debug|Any CPU
		{0523E1DE-C126-4077-9992-0C1FDE0945FB}.Debug|Any CPU.Build.0 = Debug|Any CPU
		{0523E1DE-C126-4077-9992-0C1FDE0945FB}.Release|Any CPU.ActiveCfg = Release|Any CPU
		{0523E1DE-C126-4077-9992-0C1FDE0945FB}.Release|Any CPU.Build.0 = Release|Any CPU
	EndGlobalSection
	GlobalSection(SolutionProperties) = preSolution
		HideSolutionNode = FALSE
	EndGlobalSection
	GlobalSection(ExtensibilityGlobals) = postSolution
		SolutionGuid = {644CB0AA-7CB1-468D-81C1-A4D47C1CC6F8}
	EndGlobalSection
EndGlobal
